
Microsoft Visual Studio Solution File, Format Version 12.00
# Visual Studio Version 16
VisualStudioVersion = 16.0.29926.136
MinimumVisualStudioVersion = 10.0.40219.1
Project("{FAE04EC0-301F-11D3-BF4B-00C04F79EFBC}") = "Homework 1", "Homework 1\Homework 1.csproj", "{73029B5E-74C7-4081-A1CE-B1F3528938A7}"
EndProject
Global
	GlobalSection(SolutionConfigurationPlatforms) = preSolution
		Debug|Any CPU = Debug|Any CPU
		Release|Any CPU = Release|Any CPU
	EndGlobalSection
	GlobalSection(ProjectConfigurationPlatforms) = postSolution
		{73029B5E-74C7-4081-A1CE-B1F3528938A7}.Debug|Any CPU.ActiveCfg = Debug|Any CPU
		{73029B5E-74C7-4081-A1CE-B1F3528938A7}.Debug|Any CPU.Build.0 = Debug|Any CPU
		{73029B5E-74C7-4081-A1CE-B1F3528938A7}.Release|Any CPU.ActiveCfg = Release|Any CPU
		{73029B5E-74C7-4081-A1CE-B1F3528938A7}.Release|Any CPU.Build.0 = Release|Any CPU
	EndGlobalSection
	GlobalSection(SolutionProperties) = preSolution
		HideSolutionNode = FALSE
	EndGlobalSection
	GlobalSection(ExtensibilityGlobals) = postSolution
		SolutionGuid = {4A057479-DCFF-491D-98A9-077A4022B4D4}
	EndGlobalSection
EndGlobal
